
Microsoft Visual Studio Solution File, Format Version 12.00
# Visual Studio Version 17
VisualStudioVersion = 17.2.32616.157
MinimumVisualStudioVersion = 10.0.40219.1
Project("{FAE04EC0-301F-11D3-BF4B-00C04F79EFBC}") = "MinimalApis", "MinimalApis\MinimalApis.csproj", "{F35A3330-4E93-4848-AC6D-EAB18CD66F33}"
EndProject
Global
	GlobalSection(SolutionConfigurationPlatforms) = preSolution
		Debug|Any CPU = Debug|Any CPU
		Release|Any CPU = Release|Any CPU
	EndGlobalSection
	GlobalSection(ProjectConfigurationPlatforms) = postSolution
		{F35A3330-4E93-4848-AC6D-EAB18CD66F33}.Debug|Any CPU.ActiveCfg = Debug|Any CPU
		{F35A3330-4E93-4848-AC6D-EAB18CD66F33}.Debug|Any CPU.Build.0 = Debug|Any CPU
		{F35A3330-4E93-4848-AC6D-EAB18CD66F33}.Release|Any CPU.ActiveCfg = Release|Any CPU
		{F35A3330-4E93-4848-AC6D-EAB18CD66F33}.Release|Any CPU.Build.0 = Release|Any CPU
	EndGlobalSection
	GlobalSection(SolutionProperties) = preSolution
		HideSolutionNode = FALSE
	EndGlobalSection
	GlobalSection(ExtensibilityGlobals) = postSolution
		SolutionGuid = {3C477470-EDCF-4FAA-A568-4559FBEB0C9A}
	EndGlobalSection
EndGlobal
